{
  "requires": true,
  "lockfileVersion": 1,
  "dependencies": {
    "@types/node": {
      "version": "16.11.2",
      "resolved": "https://registry.npmjs.org/@types/node/-/node-16.11.2.tgz",
      "integrity": "sha512-w34LtBB0OkDTs19FQHXy4Ig/TOXI4zqvXS2Kk1PAsRKZ0I+nik7LlMYxckW0tSNGtvWmzB+mrCTbuEjuB9DVsw=="
    }
  }
}
